schema: '2.0'
stages:
  collect:
    cmd: python -m ml_pipeline collect
    deps:
    - path: data/raw/foorilla
      hash: md5
      md5: 3256b1a4d9b0f4dcee81f522308613fc.dir
      size: 405089361
      nfiles: 21
    - path: src/ml_pipeline/data/collect.py
      hash: md5
      md5: dbf9701130188277e993ecc4642c2320
      size: 9637
    outs:
    - path: artifacts/reports/data_manifest.json
      hash: md5
      md5: 0b7d172fe1d30ea1af913602c984fbc0
      size: 1258
    - path: data/interim/foorilla_consolidated.parquet
      hash: md5
      md5: 916ab193d6513d6bf33c962e114aca57
      size: 104919927
  validate:
    cmd: python -m ml_pipeline validate
    deps:
    - path: data/interim/foorilla_consolidated.parquet
      hash: md5
      md5: 916ab193d6513d6bf33c962e114aca57
      size: 104919927
    - path: src/ml_pipeline/data/validate.py
      hash: md5
      md5: e2e974245e426f243ef30bcfb3eb4c05
      size: 5001
    outs:
    - path: artifacts/reports/validation.json
      hash: md5
      md5: 2d35fb9450b5f14b217c2b1727095bdc
      size: 525
    - path: data/validated/dataset.parquet
      hash: md5
      md5: 916ab193d6513d6bf33c962e114aca57
      size: 104919927
  preprocess:
    cmd: python -m ml_pipeline preprocess
    deps:
    - path: data/validated/dataset.parquet
      hash: md5
      md5: 916ab193d6513d6bf33c962e114aca57
      size: 104919927
    - path: src/ml_pipeline/data/preprocess.py
      hash: md5
      md5: b3761cefedf36ece65fc2e56330e07ff
      size: 8082
    - path: src/ml_pipeline/features.py
      hash: md5
      md5: bf30fe9e9db01fffa1bb652ed15cd73e
      size: 5544
    params:
      params.yaml:
        data:
          train_ratio: 0.7
          validation_ratio: 0.15
          test_ratio: 0.15
          target_scope: reportado
    outs:
    - path: artifacts/reports/preprocess.json
      hash: md5
      md5: 60bf487e7344aaa88d8c906bf88aaf79
      size: 1907
    - path: artifacts/reports/train_limits.json
      hash: md5
      md5: 5fae090b7fce9a5cdc356b20bde9bcd8
      size: 140
    - path: data/processed/test.parquet
      hash: md5
      md5: 871d6c56e235f04d52da853c58d87d1e
      size: 301958
    - path: data/processed/train.parquet
      hash: md5
      md5: 574a131811d9a168326c5dbf8a6b648b
      size: 1224727
    - path: data/processed/validation.parquet
      hash: md5
      md5: 9758c8fb268b8a36fe2ce66d3945de2f
      size: 298608
  qualify:
    cmd: python -m ml_pipeline qualify
    deps:
    - path: artifacts/reports/train_limits.json
      hash: md5
      md5: 5fae090b7fce9a5cdc356b20bde9bcd8
      size: 140
    - path: data/processed/train.parquet
      hash: md5
      md5: 574a131811d9a168326c5dbf8a6b648b
      size: 1224727
    - path: data/processed/validation.parquet
      hash: md5
      md5: 9758c8fb268b8a36fe2ce66d3945de2f
      size: 298608
    - path: src/ml_pipeline/features.py
      hash: md5
      md5: bf30fe9e9db01fffa1bb652ed15cd73e
      size: 5544
    - path: src/ml_pipeline/modeling/qualify.py
      hash: md5
      md5: e695137e6fdf47e9294561de9795699e
      size: 11982
    params:
      params.yaml:
        model:
          algorithm: lightgbm
          random_state: 42
          lightgbm:
            objective: regression_l1
            verbosity: -1
            subsample_freq: 1
            subsample: 0.8
            reg_lambda: 3.0
            num_leaves: 95
            n_estimators: 700
            min_child_samples: 20
            learning_rate: 0.06
            colsample_bytree: 1.0
            random_state: 42
            n_jobs: -1
          logistic_regression:
            C: 1.0
            max_iter: 1000
          random_forest:
            n_estimators: 200
            max_depth: 10
            min_samples_leaf: 1
        qualification:
          min_improvement_vs_baseline: 0.1
          max_temporal_gap: 0.25
          backtest_train_ratio: 0.8
          uncertainty_quantile: 0.8
    outs:
    - path: artifacts/reports/qualification.json
      hash: md5
      md5: 258db48ec5f043317ebbe0704827272b
      size: 1310
    - path: artifacts/reports/uncertainty_calibration.json
      hash: md5
      md5: 3ac0347c3b245f0f700159abf41e833c
      size: 249
